// !$*UTF8*$!
{
	archiveVersion = 1;
	classes = {
	};
	objectVersion = 46;
	objects = {

/* Begin PBXBuildFile section */
		BE8772131B0D8C8600070FF2 /* AppDelegate.swift in Sources */ = {isa = PBXBuildFile; fileRef = BE8772121B0D8C8600070FF2 /* AppDelegate.swift */; };
		BE8772151B0D8C8600070FF2 /* ViewController.swift in Sources */ = {isa = PBXBuildFile; fileRef = BE8772141B0D8C8600070FF2 /* ViewController.swift */; };
		BE8772181B0D8C8600070FF2 /* Main.storyboard in Resources */ = {isa = PBXBuildFile; fileRef = BE8772161B0D8C8600070FF2 /* Main.storyboard */; };
		BE87721A1B0D8C8600070FF2 /* Images.xcassets in Resources */ = {isa = PBXBuildFile; fileRef = BE8772191B0D8C8600070FF2 /* Images.xcassets */; };
		BE87721D1B0D8C8600070FF2 /* LaunchScreen.xib in Resources */ = {isa = PBXBuildFile; fileRef = BE87721B1B0D8C8600070FF2 /* LaunchScreen.xib */; };
		BE8772291B0D8C8600070FF2 /* RatingTests.swift in Sources */ = {isa = PBXBuildFile; fileRef = BE8772281B0D8C8600070FF2 /* RatingTests.swift */; };
		BE87724B1B0D90EE00070FF2 /* 1Star.png in Resources */ = {isa = PBXBuildFile; fileRef = BE8772331B0D90EE00070FF2 /* 1Star.png */; };
		BE87724C1B0D90EE00070FF2 /* 1Star@2x.png in Resources */ = {isa = PBXBuildFile; fileRef = BE8772341B0D90EE00070FF2 /* 1Star@2x.png */; };
		BE87724D1B0D90EE00070FF2 /* 1StarSmall.png in Resources */ = {isa = PBXBuildFile; fileRef = BE8772351B0D90EE00070FF2 /* 1StarSmall.png */; };
		BE87724E1B0D90EE00070FF2 /* 1StarSmall@2x.png in Resources */ = {isa = PBXBuildFile; fileRef = BE8772361B0D90EE00070FF2 /* 1StarSmall@2x.png */; };
		BE87724F1B0D90EE00070FF2 /* 2Stars.png in Resources */ = {isa = PBXBuildFile; fileRef = BE8772371B0D90EE00070FF2 /* 2Stars.png */; };
		BE8772501B0D90EE00070FF2 /* 2Stars@2x.png in Resources */ = {isa = PBXBuildFile; fileRef = BE8772381B0D90EE00070FF2 /* 2Stars@2x.png */; };
		BE8772511B0D90EE00070FF2 /* 2StarsSmall.png in Resources */ = {isa = PBXBuildFile; fileRef = BE8772391B0D90EE00070FF2 /* 2StarsSmall.png */; };
		BE8772521B0D90EE00070FF2 /* 2StarsSmall@2x.png in Resources */ = {isa = PBXBuildFile; fileRef = BE87723A1B0D90EE00070FF2 /* 2StarsSmall@2x.png */; };
		BE8772531B0D90EE00070FF2 /* 3Stars.png in Resources */ = {isa = PBXBuildFile; fileRef = BE87723B1B0D90EE00070FF2 /* 3Stars.png */; };
		BE8772541B0D90EE00070FF2 /* 3Stars@2x.png in Resources */ = {isa = PBXBuildFile; fileRef = BE87723C1B0D90EE00070FF2 /* 3Stars@2x.png */; };
		BE8772551B0D90EE00070FF2 /* 3StarsSmall.png in Resources */ = {isa = PBXBuildFile; fileRef = BE87723D1B0D90EE00070FF2 /* 3StarsSmall.png */; };
		BE8772561B0D90EE00070FF2 /* 3StarsSmall@2x.png in Resources */ = {isa = PBXBuildFile; fileRef = BE87723E1B0D90EE00070FF2 /* 3StarsSmall@2x.png */; };
		BE8772571B0D90EE00070FF2 /* 4Stars.png in Resources */ = {isa = PBXBuildFile; fileRef = BE87723F1B0D90EE00070FF2 /* 4Stars.png */; };
		BE8772581B0D90EE00070FF2 /* 4Stars@2x.png in Resources */ = {isa = PBXBuildFile; fileRef = BE8772401B0D90EE00070FF2 /* 4Stars@2x.png */; };
		BE8772591B0D90EE00070FF2 /* 4StarsSmall.png in Resources */ = {isa = PBXBuildFile; fileRef = BE8772411B0D90EE00070FF2 /* 4StarsSmall.png */; };
		BE87725A1B0D90EE00070FF2 /* 4StarsSmall@2x.png in Resources */ = {isa = PBXBuildFile; fileRef = BE8772421B0D90EE00070FF2 /* 4StarsSmall@2x.png */; };
		BE87725B1B0D90EE00070FF2 /* 5Stars.png in Resources */ = {isa = PBXBuildFile; fileRef = BE8772431B0D90EE00070FF2 /* 5Stars.png */; };
		BE87725C1B0D90EE00070FF2 /* 5Stars@2x.png in Resources */ = {isa = PBXBuildFile; fileRef = BE8772441B0D90EE00070FF2 /* 5Stars@2x.png */; };
		BE87725D1B0D90EE00070FF2 /* 5StarsSmall.png in Resources */ = {isa = PBXBuildFile; fileRef = BE8772451B0D90EE00070FF2 /* 5StarsSmall.png */; };
		BE87725E1B0D90EE00070FF2 /* 5StarsSmall@2x.png in Resources */ = {isa = PBXBuildFile; fileRef = BE8772461B0D90EE00070FF2 /* 5StarsSmall@2x.png */; };
		BE87725F1B0D90EE00070FF2 /* Gestures.png in Resources */ = {isa = PBXBuildFile; fileRef = BE8772471B0D90EE00070FF2 /* Gestures.png */; };
		BE8772601B0D90EE00070FF2 /* Gestures@2x.png in Resources */ = {isa = PBXBuildFile; fileRef = BE8772481B0D90EE00070FF2 /* Gestures@2x.png */; };
		BE8772611B0D90EE00070FF2 /* Players.png in Resources */ = {isa = PBXBuildFile; fileRef = BE8772491B0D90EE00070FF2 /* Players.png */; };
		BE8772621B0D90EE00070FF2 /* Players@2x.png in Resources */ = {isa = PBXBuildFile; fileRef = BE87724A1B0D90EE00070FF2 /* Players@2x.png */; };
		BE8772641B0D91ED00070FF2 /* PlayersTableViewController.swift in Sources */ = {isa = PBXBuildFile; fileRef = BE8772631B0D91ED00070FF2 /* PlayersTableViewController.swift */; };
		BE8772661B0D927800070FF2 /* Player.swift in Sources */ = {isa = PBXBuildFile; fileRef = BE8772651B0D927800070FF2 /* Player.swift */; };
		BE8772681B0D933300070FF2 /* SampleData.swift in Sources */ = {isa = PBXBuildFile; fileRef = BE8772671B0D933300070FF2 /* SampleData.swift */; };
		BEF142A91B0E5DE4002C2181 /* PlayerCell.swift in Sources */ = {isa = PBXBuildFile; fileRef = BEF142A81B0E5DE4002C2181 /* PlayerCell.swift */; };
		BEF142AB1B0E6764002C2181 /* PlayerDetailsViewController.swift in Sources */ = {isa = PBXBuildFile; fileRef = BEF142AA1B0E6764002C2181 /* PlayerDetailsViewController.swift */; };
		BEF142AD1B0E8E0C002C2181 /* GamePickerViewController.swift in Sources */ = {isa = PBXBuildFile; fileRef = BEF142AC1B0E8E0C002C2181 /* GamePickerViewController.swift */; };
/* End PBXBuildFile section */

/* Begin PBXContainerItemProxy section */
		BE8772231B0D8C8600070FF2 /* PBXContainerItemProxy */ = {
			isa = PBXContainerItemProxy;
			containerPortal = BE8772051B0D8C8600070FF2 /* Project object */;
			proxyType = 1;
			remoteGlobalIDString = BE87720C1B0D8C8600070FF2;
			remoteInfo = Rating;
		};
/* End PBXContainerItemProxy section */

/* Begin PBXFileReference section */
		BE87720D1B0D8C8600070FF2 /* Rating.app */ = {isa = PBXFileReference; explicitFileType = wrapper.application; includeInIndex = 0; path = Rating.app; sourceTree = BUILT_PRODUCTS_DIR; };
		BE8772111B0D8C8600070FF2 /* Info.plist */ = {isa = PBXFileReference; lastKnownFileType = text.plist.xml; path = Info.plist; sourceTree = "<group>"; };
		BE8772121B0D8C8600070FF2 /* AppDelegate.swift */ = {isa = PBXFileReference; lastKnownFileType = sourcecode.swift; path = AppDelegate.swift; sourceTree = "<group>"; };
		BE8772141B0D8C8600070FF2 /* ViewController.swift */ = {isa = PBXFileReference; lastKnownFileType = sourcecode.swift; path = ViewController.swift; sourceTree = "<group>"; };
		BE8772171B0D8C8600070FF2 /* Base */ = {isa = PBXFileReference; lastKnownFileType = file.storyboard; name = Base; path = Base.lproj/Main.storyboard; sourceTree = "<group>"; };
		BE8772191B0D8C8600070FF2 /* Images.xcassets */ = {isa = PBXFileReference; lastKnownFileType = folder.assetcatalog; path = Images.xcassets; sourceTree = "<group>"; };
		BE87721C1B0D8C8600070FF2 /* Base */ = {isa = PBXFileReference; lastKnownFileType = file.xib; name = Base; path = Base.lproj/LaunchScreen.xib; sourceTree = "<group>"; };
		BE8772221B0D8C8600070FF2 /* RatingTests.xctest */ = {isa = PBXFileReference; explicitFileType = wrapper.cfbundle; includeInIndex = 0; path = RatingTests.xctest; sourceTree = BUILT_PRODUCTS_DIR; };
		BE8772271B0D8C8600070FF2 /* Info.plist */ = {isa = PBXFileReference; lastKnownFileType = text.plist.xml; path = Info.plist; sourceTree = "<group>"; };
		BE8772281B0D8C8600070FF2 /* RatingTests.swift */ = {isa = PBXFileReference; lastKnownFileType = sourcecode.swift; path = RatingTests.swift; sourceTree = "<group>"; };
		BE8772331B0D90EE00070FF2 /* 1Star.png */ = {isa = PBXFileReference; lastKnownFileType = image.png; path = 1Star.png; sourceTree = "<group>"; };
		BE8772341B0D90EE00070FF2 /* 1Star@2x.png */ = {isa = PBXFileReference; lastKnownFileType = image.png; path = "1Star@2x.png"; sourceTree = "<group>"; };
		BE8772351B0D90EE00070FF2 /* 1StarSmall.png */ = {isa = PBXFileReference; lastKnownFileType = image.png; path = 1StarSmall.png; sourceTree = "<group>"; };
		BE8772361B0D90EE00070FF2 /* 1StarSmall@2x.png */ = {isa = PBXFileReference; lastKnownFileType = image.png; path = "1StarSmall@2x.png"; sourceTree = "<group>"; };
		BE8772371B0D90EE00070FF2 /* 2Stars.png */ = {isa = PBXFileReference; lastKnownFileType = image.png; path = 2Stars.png; sourceTree = "<group>"; };
		BE8772381B0D90EE00070FF2 /* 2Stars@2x.png */ = {isa = PBXFileReference; lastKnownFileType = image.png; path = "2Stars@2x.png"; sourceTree = "<group>"; };
		BE8772391B0D90EE00070FF2 /* 2StarsSmall.png */ = {isa = PBXFileReference; lastKnownFileType = image.png; path = 2StarsSmall.png; sourceTree = "<group>"; };
		BE87723A1B0D90EE00070FF2 /* 2StarsSmall@2x.png */ = {isa = PBXFileReference; lastKnownFileType = image.png; path = "2StarsSmall@2x.png"; sourceTree = "<group>"; };
		BE87723B1B0D90EE00070FF2 /* 3Stars.png */ = {isa = PBXFileReference; lastKnownFileType = image.png; path = 3Stars.png; sourceTree = "<group>"; };
		BE87723C1B0D90EE00070FF2 /* 3Stars@2x.png */ = {isa = PBXFileReference; lastKnownFileType = image.png; path = "3Stars@2x.png"; sourceTree = "<group>"; };
		BE87723D1B0D90EE00070FF2 /* 3StarsSmall.png */ = {isa = PBXFileReference; lastKnownFileType = image.png; path = 3StarsSmall.png; sourceTree = "<group>"; };
		BE87723E1B0D90EE00070FF2 /* 3StarsSmall@2x.png */ = {isa = PBXFileReference; lastKnownFileType = image.png; path = "3StarsSmall@2x.png"; sourceTree = "<group>"; };
		BE87723F1B0D90EE00070FF2 /* 4Stars.png */ = {isa = PBXFileReference; lastKnownFileType = image.png; path = 4Stars.png; sourceTree = "<group>"; };
		BE8772401B0D90EE00070FF2 /* 4Stars@2x.png */ = {isa = PBXFileReference; lastKnownFileType = image.png; path = "4Stars@2x.png"; sourceTree = "<group>"; };
		BE8772411B0D90EE00070FF2 /* 4StarsSmall.png */ = {isa = PBXFileReference; lastKnownFileType = image.png; path = 4StarsSmall.png; sourceTree = "<group>"; };
		BE8772421B0D90EE00070FF2 /* 4StarsSmall@2x.png */ = {isa = PBXFileReference; lastKnownFileType = image.png; path = "4StarsSmall@2x.png"; sourceTree = "<group>"; };
		BE8772431B0D90EE00070FF2 /* 5Stars.png */ = {isa = PBXFileReference; lastKnownFileType = image.png; path = 5Stars.png; sourceTree = "<group>"; };
		BE8772441B0D90EE00070FF2 /* 5Stars@2x.png */ = {isa = PBXFileReference; lastKnownFileType = image.png; path = "5Stars@2x.png"; sourceTree = "<group>"; };
		BE8772451B0D90EE00070FF2 /* 5StarsSmall.png */ = {isa = PBXFileReference; lastKnownFileType = image.png; path = 5StarsSmall.png; sourceTree = "<group>"; };
		BE8772461B0D90EE00070FF2 /* 5StarsSmall@2x.png */ = {isa = PBXFileReference; lastKnownFileType = image.png; path = "5StarsSmall@2x.png"; sourceTree = "<group>"; };
		BE8772471B0D90EE00070FF2 /* Gestures.png */ = {isa = PBXFileReference; lastKnownFileType = image.png; path = Gestures.png; sourceTree = "<group>"; };
		BE8772481B0D90EE00070FF2 /* Gestures@2x.png */ = {isa = PBXFileReference; lastKnownFileType = image.png; path = "Gestures@2x.png"; sourceTree = "<group>"; };
		BE8772491B0D90EE00070FF2 /* Players.png */ = {isa = PBXFileReference; lastKnownFileType = image.png; path = Players.png; sourceTree = "<group>"; };
		BE87724A1B0D90EE00070FF2 /* Players@2x.png */ = {isa = PBXFileReference; lastKnownFileType = image.png; path = "Players@2x.png"; sourceTree = "<group>"; };
		BE8772631B0D91ED00070FF2 /* PlayersTableViewController.swift */ = {isa = PBXFileReference; fileEncoding = 4; lastKnownFileType = sourcecode.swift; path = PlayersTableViewController.swift; sourceTree = "<group>"; };
		BE8772651B0D927800070FF2 /* Player.swift */ = {isa = PBXFileReference; fileEncoding = 4; lastKnownFileType = sourcecode.swift; path = Player.swift; sourceTree = "<group>"; };
		BE8772671B0D933300070FF2 /* SampleData.swift */ = {isa = PBXFileReference; fileEncoding = 4; lastKnownFileType = sourcecode.swift; path = SampleData.swift; sourceTree = "<group>"; };
		BEF142A81B0E5DE4002C2181 /* PlayerCell.swift */ = {isa = PBXFileReference; fileEncoding = 4; lastKnownFileType = sourcecode.swift; path = PlayerCell.swift; sourceTree = "<group>"; };
		BEF142AA1B0E6764002C2181 /* PlayerDetailsViewController.swift */ = {isa = PBXFileReference; fileEncoding = 4; lastKnownFileType = sourcecode.swift; path = PlayerDetailsViewController.swift; sourceTree = "<group>"; };
		BEF142AC1B0E8E0C002C2181 /* GamePickerViewController.swift */ = {isa = PBXFileReference; fileEncoding = 4; lastKnownFileType = sourcecode.swift; path = GamePickerViewController.swift; sourceTree = "<group>"; };
/* End PBXFileReference section */

/* Begin PBXFrameworksBuildPhase section */
		BE87720A1B0D8C8600070FF2 /* Frameworks */ = {
			isa = PBXFrameworksBuildPhase;
			buildActionMask = 2147483647;
			files = (
			);
			runOnlyForDeploymentPostprocessing = 0;
		};
		BE87721F1B0D8C8600070FF2 /* Frameworks */ = {
			isa = PBXFrameworksBuildPhase;
			buildActionMask = 2147483647;
			files = (
			);
			runOnlyForDeploymentPostprocessing = 0;
		};
/* End PBXFrameworksBuildPhase section */

/* Begin PBXGroup section */
		BE8772041B0D8C8600070FF2 = {
			isa = PBXGroup;
			children = (
				BE87720F1B0D8C8600070FF2 /* Rating */,
				BE8772251B0D8C8600070FF2 /* RatingTests */,
				BE87720E1B0D8C8600070FF2 /* Products */,
			);
			sourceTree = "<group>";
		};
		BE87720E1B0D8C8600070FF2 /* Products */ = {
			isa = PBXGroup;
			children = (
				BE87720D1B0D8C8600070FF2 /* Rating.app */,
				BE8772221B0D8C8600070FF2 /* RatingTests.xctest */,
			);
			name = Products;
			sourceTree = "<group>";
		};
		BE87720F1B0D8C8600070FF2 /* Rating */ = {
			isa = PBXGroup;
			children = (
				BE8772321B0D90EE00070FF2 /* Images */,
				BE8772121B0D8C8600070FF2 /* AppDelegate.swift */,
				BE8772161B0D8C8600070FF2 /* Main.storyboard */,
				BEF142AA1B0E6764002C2181 /* PlayerDetailsViewController.swift */,
				BEF142AC1B0E8E0C002C2181 /* GamePickerViewController.swift */,
				BEF142A81B0E5DE4002C2181 /* PlayerCell.swift */,
				BE8772631B0D91ED00070FF2 /* PlayersTableViewController.swift */,
				BE8772141B0D8C8600070FF2 /* ViewController.swift */,
				BE8772651B0D927800070FF2 /* Player.swift */,
				BE8772671B0D933300070FF2 /* SampleData.swift */,
				BE8772191B0D8C8600070FF2 /* Images.xcassets */,
				BE87721B1B0D8C8600070FF2 /* LaunchScreen.xib */,
				BE8772101B0D8C8600070FF2 /* Supporting Files */,
			);
			path = Rating;
			sourceTree = "<group>";
		};
		BE8772101B0D8C8600070FF2 /* Supporting Files */ = {
			isa = PBXGroup;
			children = (
				BE8772111B0D8C8600070FF2 /* Info.plist */,
			);
			name = "Supporting Files";
			sourceTree = "<group>";
		};
		BE8772251B0D8C8600070FF2 /* RatingTests */ = {
			isa = PBXGroup;
			children = (
				BE8772281B0D8C8600070FF2 /* RatingTests.swift */,
				BE8772261B0D8C8600070FF2 /* Supporting Files */,
			);
			path = RatingTests;
			sourceTree = "<group>";
		};
		BE8772261B0D8C8600070FF2 /* Supporting Files */ = {
			isa = PBXGroup;
			children = (
				BE8772271B0D8C8600070FF2 /* Info.plist */,
			);
			name = "Supporting Files";
			sourceTree = "<group>";
		};
		BE8772321B0D90EE00070FF2 /* Images */ = {
			isa = PBXGroup;
			children = (
				BE8772331B0D90EE00070FF2 /* 1Star.png */,
				BE8772341B0D90EE00070FF2 /* 1Star@2x.png */,
				BE8772351B0D90EE00070FF2 /* 1StarSmall.png */,
				BE8772361B0D90EE00070FF2 /* 1StarSmall@2x.png */,
				BE8772371B0D90EE00070FF2 /* 2Stars.png */,
				BE8772381B0D90EE00070FF2 /* 2Stars@2x.png */,
				BE8772391B0D90EE00070FF2 /* 2StarsSmall.png */,
				BE87723A1B0D90EE00070FF2 /* 2StarsSmall@2x.png */,
				BE87723B1B0D90EE00070FF2 /* 3Stars.png */,
				BE87723C1B0D90EE00070FF2 /* 3Stars@2x.png */,
				BE87723D1B0D90EE00070FF2 /* 3StarsSmall.png */,
				BE87723E1B0D90EE00070FF2 /* 3StarsSmall@2x.png */,
				BE87723F1B0D90EE00070FF2 /* 4Stars.png */,
				BE8772401B0D90EE00070FF2 /* 4Stars@2x.png */,
				BE8772411B0D90EE00070FF2 /* 4StarsSmall.png */,
				BE8772421B0D90EE00070FF2 /* 4StarsSmall@2x.png */,
				BE8772431B0D90EE00070FF2 /* 5Stars.png */,
				BE8772441B0D90EE00070FF2 /* 5Stars@2x.png */,
				BE8772451B0D90EE00070FF2 /* 5StarsSmall.png */,
				BE8772461B0D90EE00070FF2 /* 5StarsSmall@2x.png */,
				BE8772471B0D90EE00070FF2 /* Gestures.png */,
				BE8772481B0D90EE00070FF2 /* Gestures@2x.png */,
				BE8772491B0D90EE00070FF2 /* Players.png */,
				BE87724A1B0D90EE00070FF2 /* Players@2x.png */,
			);
			name = Images;
			path = ../Images;
			sourceTree = "<group>";
		};
/* End PBXGroup section */

/* Begin PBXNativeTarget section */
		BE87720C1B0D8C8600070FF2 /* Rating */ = {
			isa = PBXNativeTarget;
			buildConfigurationList = BE87722C1B0D8C8600070FF2 /* Build configuration list for PBXNativeTarget "Rating" */;
			buildPhases = (
				BE8772091B0D8C8600070FF2 /* Sources */,
				BE87720A1B0D8C8600070FF2 /* Frameworks */,
				BE87720B1B0D8C8600070FF2 /* Resources */,
			);
			buildRules = (
			);
			dependencies = (
			);
			name = Rating;
			productName = Rating;
			productReference = BE87720D1B0D8C8600070FF2 /* Rating.app */;
			productType = "com.apple.product-type.application";
		};
		BE8772211B0D8C8600070FF2 /* RatingTests */ = {
			isa = PBXNativeTarget;
			buildConfigurationList = BE87722F1B0D8C8600070FF2 /* Build configuration list for PBXNativeTarget "RatingTests" */;
			buildPhases = (
				BE87721E1B0D8C8600070FF2 /* Sources */,
				BE87721F1B0D8C8600070FF2 /* Frameworks */,
				BE8772201B0D8C8600070FF2 /* Resources */,
			);
			buildRules = (
			);
			dependencies = (
				BE8772241B0D8C8600070FF2 /* PBXTargetDependency */,
			);
			name = RatingTests;
			productName = RatingTests;
			productReference = BE8772221B0D8C8600070FF2 /* RatingTests.xctest */;
			productType = "com.apple.product-type.bundle.unit-test";
		};
/* End PBXNativeTarget section */

/* Begin PBXProject section */
		BE8772051B0D8C8600070FF2 /* Project object */ = {
			isa = PBXProject;
			attributes = {
				LastUpgradeCheck = 0630;
				ORGANIZATIONNAME = "TJV Studio";
				TargetAttributes = {
					BE87720C1B0D8C8600070FF2 = {
						CreatedOnToolsVersion = 6.3.2;
					};
					BE8772211B0D8C8600070FF2 = {
						CreatedOnToolsVersion = 6.3.2;
						TestTargetID = BE87720C1B0D8C8600070FF2;
					};
				};
			};
			buildConfigurationList = BE8772081B0D8C8600070FF2 /* Build configuration list for PBXProject "Rating" */;
			compatibilityVersion = "Xcode 3.2";
			developmentRegion = English;
			hasScannedForEncodings = 0;
			knownRegions = (
				en,
				Base,
			);
			mainGroup = BE8772041B0D8C8600070FF2;
			productRefGroup = BE87720E1B0D8C8600070FF2 /* Products */;
			projectDirPath = "";
			projectRoot = "";
			targets = (
				BE87720C1B0D8C8600070FF2 /* Rating */,
				BE8772211B0D8C8600070FF2 /* RatingTests */,
			);
		};
/* End PBXProject section */

/* Begin PBXResourcesBuildPhase section */
		BE87720B1B0D8C8600070FF2 /* Resources */ = {
			isa = PBXResourcesBuildPhase;
			buildActionMask = 2147483647;
			files = (
				BE8772511B0D90EE00070FF2 /* 2StarsSmall.png in Resources */,
				BE87725D1B0D90EE00070FF2 /* 5StarsSmall.png in Resources */,
				BE8772501B0D90EE00070FF2 /* 2Stars@2x.png in Resources */,
				BE8772591B0D90EE00070FF2 /* 4StarsSmall.png in Resources */,
				BE87724E1B0D90EE00070FF2 /* 1StarSmall@2x.png in Resources */,
				BE8772181B0D8C8600070FF2 /* Main.storyboard in Resources */,
				BE87725A1B0D90EE00070FF2 /* 4StarsSmall@2x.png in Resources */,
				BE87721D1B0D8C8600070FF2 /* LaunchScreen.xib in Resources */,
				BE8772601B0D90EE00070FF2 /* Gestures@2x.png in Resources */,
				BE8772531B0D90EE00070FF2 /* 3Stars.png in Resources */,
				BE87725F1B0D90EE00070FF2 /* Gestures.png in Resources */,
				BE87721A1B0D8C8600070FF2 /* Images.xcassets in Resources */,
				BE8772611B0D90EE00070FF2 /* Players.png in Resources */,
				BE8772551B0D90EE00070FF2 /* 3StarsSmall.png in Resources */,
				BE87724F1B0D90EE00070FF2 /* 2Stars.png in Resources */,
				BE8772561B0D90EE00070FF2 /* 3StarsSmall@2x.png in Resources */,
				BE87724D1B0D90EE00070FF2 /* 1StarSmall.png in Resources */,
				BE8772541B0D90EE00070FF2 /* 3Stars@2x.png in Resources */,
				BE8772621B0D90EE00070FF2 /* Players@2x.png in Resources */,
				BE87724B1B0D90EE00070FF2 /* 1Star.png in Resources */,
				BE8772521B0D90EE00070FF2 /* 2StarsSmall@2x.png in Resources */,
				BE8772571B0D90EE00070FF2 /* 4Stars.png in Resources */,
				BE87724C1B0D90EE00070FF2 /* 1Star@2x.png in Resources */,
				BE87725E1B0D90EE00070FF2 /* 5StarsSmall@2x.png in Resources */,
				BE8772581B0D90EE00070FF2 /* 4Stars@2x.png in Resources */,
				BE87725C1B0D90EE00070FF2 /* 5Stars@2x.png in Resources */,
				BE87725B1B0D90EE00070FF2 /* 5Stars.png in Resources */,
			);
			runOnlyForDeploymentPostprocessing = 0;
		};
		BE8772201B0D8C8600070FF2 /* Resources */ = {
			isa = PBXResourcesBuildPhase;
			buildActionMask = 2147483647;
			files = (
			);
			runOnlyForDeploymentPostprocessing = 0;
		};
/* End PBXResourcesBuildPhase section */

/* Begin PBXSourcesBuildPhase section */
		BE8772091B0D8C8600070FF2 /* Sources */ = {
			isa = PBXSourcesBuildPhase;
			buildActionMask = 2147483647;
			files = (
				BEF142AD1B0E8E0C002C2181 /* GamePickerViewController.swift in Sources */,
				BEF142A91B0E5DE4002C2181 /* PlayerCell.swift in Sources */,
				BE8772661B0D927800070FF2 /* Player.swift in Sources */,
				BE8772151B0D8C8600070FF2 /* ViewController.swift in Sources */,
				BEF142AB1B0E6764002C2181 /* PlayerDetailsViewController.swift in Sources */,
				BE8772131B0D8C8600070FF2 /* AppDelegate.swift in Sources */,
				BE8772681B0D933300070FF2 /* SampleData.swift in Sources */,
				BE8772641B0D91ED00070FF2 /* PlayersTableViewController.swift in Sources */,
			);
			runOnlyForDeploymentPostprocessing = 0;
		};
		BE87721E1B0D8C8600070FF2 /* Sources */ = {
			isa = PBXSourcesBuildPhase;
			buildActionMask = 2147483647;
			files = (
				BE8772291B0D8C8600070FF2 /* RatingTests.swift in Sources */,
			);
			runOnlyForDeploymentPostprocessing = 0;
		};
/* End PBXSourcesBuildPhase section */

/* Begin PBXTargetDependency section */
		BE8772241B0D8C8600070FF2 /* PBXTargetDependency */ = {
			isa = PBXTargetDependency;
			target = BE87720C1B0D8C8600070FF2 /* Rating */;
			targetProxy = BE8772231B0D8C8600070FF2 /* PBXContainerItemProxy */;
		};
/* End PBXTargetDependency section */

/* Begin PBXVariantGroup section */
		BE8772161B0D8C8600070FF2 /* Main.storyboard */ = {
			isa = PBXVariantGroup;
			children = (
				BE8772171B0D8C8600070FF2 /* Base */,
			);
			name = Main.storyboard;
			sourceTree = "<group>";
		};
		BE87721B1B0D8C8600070FF2 /* LaunchScreen.xib */ = {
			isa = PBXVariantGroup;
			children = (
				BE87721C1B0D8C8600070FF2 /* Base */,
			);
			name = LaunchScreen.xib;
			sourceTree = "<group>";
		};
/* End PBXVariantGroup section */

/* Begin XCBuildConfiguration section */
		BE87722A1B0D8C8600070FF2 /* Debug */ = {
			isa = XCBuildConfiguration;
			buildSettings = {
				ALWAYS_SEARCH_USER_PATHS = NO;
				CLANG_CXX_LANGUAGE_STANDARD = "gnu++0x";
				CLANG_CXX_LIBRARY = "libc++";
				CLANG_ENABLE_MODULES = YES;
				CLANG_ENABLE_OBJC_ARC = YES;
				CLANG_WARN_BOOL_CONVERSION = YES;
				CLANG_WARN_CONSTANT_CONVERSION = YES;
				CLANG_WARN_DIRECT_OBJC_ISA_USAGE = YES_ERROR;
				CLANG_WARN_EMPTY_BODY = YES;
				CLANG_WARN_ENUM_CONVERSION = YES;
				CLANG_WARN_INT_CONVERSION = YES;
				CLANG_WARN_OBJC_ROOT_CLASS = YES_ERROR;
				CLANG_WARN_UNREACHABLE_CODE = YES;
				CLANG_WARN__DUPLICATE_METHOD_MATCH = YES;
				"CODE_SIGN_IDENTITY[sdk=iphoneos*]" = "iPhone Developer";
				COPY_PHASE_STRIP = NO;
				DEBUG_INFORMATION_FORMAT = "dwarf-with-dsym";
				ENABLE_STRICT_OBJC_MSGSEND = YES;
				GCC_C_LANGUAGE_STANDARD = gnu99;
				GCC_DYNAMIC_NO_PIC = NO;
				GCC_NO_COMMON_BLOCKS = YES;
				GCC_OPTIMIZATION_LEVEL = 0;
				GCC_PREPROCESSOR_DEFINITIONS = (
					"DEBUG=1",
					"$(inherited)",
				);
				GCC_SYMBOLS_PRIVATE_EXTERN = NO;
				GCC_WARN_64_TO_32_BIT_CONVERSION = YES;
				GCC_WARN_ABOUT_RETURN_TYPE = YES_ERROR;
				GCC_WARN_UNDECLARED_SELECTOR = YES;
				GCC_WARN_UNINITIALIZED_AUTOS = YES_AGGRESSIVE;
				GCC_WARN_UNUSED_FUNCTION = YES;
				GCC_WARN_UNUSED_VARIABLE = YES;
				IPHONEOS_DEPLOYMENT_TARGET = 8.3;
				MTL_ENABLE_DEBUG_INFO = YES;
				ONLY_ACTIVE_ARCH = YES;
				SDKROOT = iphoneos;
				SWIFT_OPTIMIZATION_LEVEL = "-Onone";
			};
			name = Debug;
		};
		BE87722B1B0D8C8600070FF2 /* Release */ = {
			isa = XCBuildConfiguration;
			buildSettings = {
				ALWAYS_SEARCH_USER_PATHS = NO;
				CLANG_CXX_LANGUAGE_STANDARD = "gnu++0x";
				CLANG_CXX_LIBRARY = "libc++";
				CLANG_ENABLE_MODULES = YES;
				CLANG_ENABLE_OBJC_ARC = YES;
				CLANG_WARN_BOOL_CONVERSION = YES;
				CLANG_WARN_CONSTANT_CONVERSION = YES;
				CLANG_WARN_DIRECT_OBJC_ISA_USAGE = YES_ERROR;
				CLANG_WARN_EMPTY_BODY = YES;
				CLANG_WARN_ENUM_CONVERSION = YES;
				CLANG_WARN_INT_CONVERSION = YES;
				CLANG_WARN_OBJC_ROOT_CLASS = YES_ERROR;
				CLANG_WARN_UNREACHABLE_CODE = YES;
				CLANG_WARN__DUPLICATE_METHOD_MATCH = YES;
				"CODE_SIGN_IDENTITY[sdk=iphoneos*]" = "iPhone Developer";
				COPY_PHASE_STRIP = NO;
				DEBUG_INFORMATION_FORMAT = "dwarf-with-dsym";
				ENABLE_NS_ASSERTIONS = NO;
				ENABLE_STRICT_OBJC_MSGSEND = YES;
				GCC_C_LANGUAGE_STANDARD = gnu99;
				GCC_NO_COMMON_BLOCKS = YES;
				GCC_WARN_64_TO_32_BIT_CONVERSION = YES;
				GCC_WARN_ABOUT_RETURN_TYPE = YES_ERROR;
				GCC_WARN_UNDECLARED_SELECTOR = YES;
				GCC_WARN_UNINITIALIZED_AUTOS = YES_AGGRESSIVE;
				GCC_WARN_UNUSED_FUNCTION = YES;
				GCC_WARN_UNUSED_VARIABLE = YES;
				IPHONEOS_DEPLOYMENT_TARGET = 8.3;
				MTL_ENABLE_DEBUG_INFO = NO;
				SDKROOT = iphoneos;
				VALIDATE_PRODUCT = YES;
			};
			name = Release;
		};
		BE87722D1B0D8C8600070FF2 /* Debug */ = {
			isa = XCBuildConfiguration;
			buildSettings = {
				ASSETCATALOG_COMPILER_APPICON_NAME = AppIcon;
				INFOPLIST_FILE = Rating/Info.plist;
				IPHONEOS_DEPLOYMENT_TARGET = 8.3;
				LD_RUNPATH_SEARCH_PATHS = "$(inherited) @executable_path/Frameworks";
				PRODUCT_NAME = "$(TARGET_NAME)";
			};
			name = Debug;
		};
		BE87722E1B0D8C8600070FF2 /* Release */ = {
			isa = XCBuildConfiguration;
			buildSettings = {
				ASSETCATALOG_COMPILER_APPICON_NAME = AppIcon;
				INFOPLIST_FILE = Rating/Info.plist;
				IPHONEOS_DEPLOYMENT_TARGET = 8.3;
				LD_RUNPATH_SEARCH_PATHS = "$(inherited) @executable_path/Frameworks";
				PRODUCT_NAME = "$(TARGET_NAME)";
			};
			name = Release;
		};
		BE8772301B0D8C8600070FF2 /* Debug */ = {
			isa = XCBuildConfiguration;
			buildSettings = {
				BUNDLE_LOADER = "$(TEST_HOST)";
				FRAMEWORK_SEARCH_PATHS = (
					"$(SDKROOT)/Developer/Library/Frameworks",
					"$(inherited)",
				);
				GCC_PREPROCESSOR_DEFINITIONS = (
					"DEBUG=1",
					"$(inherited)",
				);
				INFOPLIST_FILE = RatingTests/Info.plist;
				LD_RUNPATH_SEARCH_PATHS = "$(inherited) @executable_path/Frameworks @loader_path/Frameworks";
				PRODUCT_NAME = "$(TARGET_NAME)";
				TEST_HOST = "$(BUILT_PRODUCTS_DIR)/Rating.app/Rating";
			};
			name = Debug;
		};
		BE8772311B0D8C8600070FF2 /* Release */ = {
			isa = XCBuildConfiguration;
			buildSettings = {
				BUNDLE_LOADER = "$(TEST_HOST)";
				FRAMEWORK_SEARCH_PATHS = (
					"$(SDKROOT)/Developer/Library/Frameworks",
					"$(inherited)",
				);
				INFOPLIST_FILE = RatingTests/Info.plist;
				LD_RUNPATH_SEARCH_PATHS = "$(inherited) @executable_path/Frameworks @loader_path/Frameworks";
				PRODUCT_NAME = "$(TARGET_NAME)";
				TEST_HOST = "$(BUILT_PRODUCTS_DIR)/Rating.app/Rating";
			};
			name = Release;
		};
/* End XCBuildConfiguration section */

/* Begin XCConfigurationList section */
		BE8772081B0D8C8600070FF2 /* Build configuration list for PBXProject "Rating" */ = {
			isa = XCConfigurationList;
			buildConfigurations = (
				BE87722A1B0D8C8600070FF2 /* Debug */,
				BE87722B1B0D8C8600070FF2 /* Release */,
			);
			defaultConfigurationIsVisible = 0;
			defaultConfigurationName = Release;
		};
		BE87722C1B0D8C8600070FF2 /* Build configuration list for PBXNativeTarget "Rating" */ = {
			isa = XCConfigurationList;
			buildConfigurations = (
				BE87722D1B0D8C8600070FF2 /* Debug */,
				BE87722E1B0D8C8600070FF2 /* Release */,
			);
			defaultConfigurationIsVisible = 0;
			defaultConfigurationName = Release;
		};
		BE87722F1B0D8C8600070FF2 /* Build configuration list for PBXNativeTarget "RatingTests" */ = {
			isa = XCConfigurationList;
			buildConfigurations = (
				BE8772301B0D8C8600070FF2 /* Debug */,
				BE8772311B0D8C8600070FF2 /* Release */,
			);
			defaultConfigurationIsVisible = 0;
			defaultConfigurationName = Release;
		};
/* End XCConfigurationList section */
	};
	rootObject = BE8772051B0D8C8600070FF2 /* Project object */;
}
