// !$*UTF8*$!
{
	archiveVersion = 1;
	classes = {
	};
	objectVersion = 46;
	objects = {

/* Begin PBXBuildFile section */
		BE7FB3FD1BD75E0200CC14A9 /* AppDelegate.swift in Sources */ = {isa = PBXBuildFile; fileRef = BE7FB3FC1BD75E0200CC14A9 /* AppDelegate.swift */; };
		BE7FB3FF1BD75E0200CC14A9 /* ViewController.swift in Sources */ = {isa = PBXBuildFile; fileRef = BE7FB3FE1BD75E0200CC14A9 /* ViewController.swift */; };
		BE7FB4021BD75E0200CC14A9 /* Main.storyboard in Resources */ = {isa = PBXBuildFile; fileRef = BE7FB4001BD75E0200CC14A9 /* Main.storyboard */; };
		BE7FB4041BD75E0200CC14A9 /* Assets.xcassets in Resources */ = {isa = PBXBuildFile; fileRef = BE7FB4031BD75E0200CC14A9 /* Assets.xcassets */; };
		BE7FB4071BD75E0200CC14A9 /* LaunchScreen.storyboard in Resources */ = {isa = PBXBuildFile; fileRef = BE7FB4051BD75E0200CC14A9 /* LaunchScreen.storyboard */; };
		BE7FB40F1BD75EBC00CC14A9 /* MyTableCell.swift in Sources */ = {isa = PBXBuildFile; fileRef = BE7FB40E1BD75EBC00CC14A9 /* MyTableCell.swift */; settings = {ASSET_TAGS = (); }; };
/* End PBXBuildFile section */

/* Begin PBXFileReference section */
		BE7FB3F91BD75E0200CC14A9 /* TableViewTest.app */ = {isa = PBXFileReference; explicitFileType = wrapper.application; includeInIndex = 0; path = TableViewTest.app; sourceTree = BUILT_PRODUCTS_DIR; };
		BE7FB3FC1BD75E0200CC14A9 /* AppDelegate.swift */ = {isa = PBXFileReference; lastKnownFileType = sourcecode.swift; path = AppDelegate.swift; sourceTree = "<group>"; };
		BE7FB3FE1BD75E0200CC14A9 /* ViewController.swift */ = {isa = PBXFileReference; lastKnownFileType = sourcecode.swift; path = ViewController.swift; sourceTree = "<group>"; };
		BE7FB4011BD75E0200CC14A9 /* Base */ = {isa = PBXFileReference; lastKnownFileType = file.storyboard; name = Base; path = Base.lproj/Main.storyboard; sourceTree = "<group>"; };
		BE7FB4031BD75E0200CC14A9 /* Assets.xcassets */ = {isa = PBXFileReference; lastKnownFileType = folder.assetcatalog; path = Assets.xcassets; sourceTree = "<group>"; };
		BE7FB4061BD75E0200CC14A9 /* Base */ = {isa = PBXFileReference; lastKnownFileType = file.storyboard; name = Base; path = Base.lproj/LaunchScreen.storyboard; sourceTree = "<group>"; };
		BE7FB4081BD75E0200CC14A9 /* Info.plist */ = {isa = PBXFileReference; lastKnownFileType = text.plist.xml; path = Info.plist; sourceTree = "<group>"; };
		BE7FB40E1BD75EBC00CC14A9 /* MyTableCell.swift */ = {isa = PBXFileReference; fileEncoding = 4; lastKnownFileType = sourcecode.swift; path = MyTableCell.swift; sourceTree = "<group>"; };
/* End PBXFileReference section */

/* Begin PBXFrameworksBuildPhase section */
		BE7FB3F61BD75E0200CC14A9 /* Frameworks */ = {
			isa = PBXFrameworksBuildPhase;
			buildActionMask = 2147483647;
			files = (
			);
			runOnlyForDeploymentPostprocessing = 0;
		};
/* End PBXFrameworksBuildPhase section */

/* Begin PBXGroup section */
		BE7FB3F01BD75E0200CC14A9 = {
			isa = PBXGroup;
			children = (
				BE7FB3FB1BD75E0200CC14A9 /* TableViewTest */,
				BE7FB3FA1BD75E0200CC14A9 /* Products */,
			);
			sourceTree = "<group>";
		};
		BE7FB3FA1BD75E0200CC14A9 /* Products */ = {
			isa = PBXGroup;
			children = (
				BE7FB3F91BD75E0200CC14A9 /* TableViewTest.app */,
			);
			name = Products;
			sourceTree = "<group>";
		};
		BE7FB3FB1BD75E0200CC14A9 /* TableViewTest */ = {
			isa = PBXGroup;
			children = (
				BE7FB3FC1BD75E0200CC14A9 /* AppDelegate.swift */,
				BE7FB3FE1BD75E0200CC14A9 /* ViewController.swift */,
				BE7FB4001BD75E0200CC14A9 /* Main.storyboard */,
				BE7FB4031BD75E0200CC14A9 /* Assets.xcassets */,
				BE7FB4051BD75E0200CC14A9 /* LaunchScreen.storyboard */,
				BE7FB4081BD75E0200CC14A9 /* Info.plist */,
				BE7FB40E1BD75EBC00CC14A9 /* MyTableCell.swift */,
			);
			path = TableViewTest;
			sourceTree = "<group>";
		};
/* End PBXGroup section */

/* Begin PBXNativeTarget section */
		BE7FB3F81BD75E0200CC14A9 /* TableViewTest */ = {
			isa = PBXNativeTarget;
			buildConfigurationList = BE7FB40B1BD75E0200CC14A9 /* Build configuration list for PBXNativeTarget "TableViewTest" */;
			buildPhases = (
				BE7FB3F51BD75E0200CC14A9 /* Sources */,
				BE7FB3F61BD75E0200CC14A9 /* Frameworks */,
				BE7FB3F71BD75E0200CC14A9 /* Resources */,
			);
			buildRules = (
			);
			dependencies = (
			);
			name = TableViewTest;
			productName = TableViewTest;
			productReference = BE7FB3F91BD75E0200CC14A9 /* TableViewTest.app */;
			productType = "com.apple.product-type.application";
		};
/* End PBXNativeTarget section */

/* Begin PBXProject section */
		BE7FB3F11BD75E0200CC14A9 /* Project object */ = {
			isa = PBXProject;
			attributes = {
				LastUpgradeCheck = 0700;
				ORGANIZATIONNAME = "TJV Studio";
				TargetAttributes = {
					BE7FB3F81BD75E0200CC14A9 = {
						CreatedOnToolsVersion = 7.0.1;
						DevelopmentTeam = 4UMEUN28F8;
					};
				};
			};
			buildConfigurationList = BE7FB3F41BD75E0200CC14A9 /* Build configuration list for PBXProject "TableViewTest" */;
			compatibilityVersion = "Xcode 3.2";
			developmentRegion = English;
			hasScannedForEncodings = 0;
			knownRegions = (
				en,
				Base,
			);
			mainGroup = BE7FB3F01BD75E0200CC14A9;
			productRefGroup = BE7FB3FA1BD75E0200CC14A9 /* Products */;
			projectDirPath = "";
			projectRoot = "";
			targets = (
				BE7FB3F81BD75E0200CC14A9 /* TableViewTest */,
			);
		};
/* End PBXProject section */

/* Begin PBXResourcesBuildPhase section */
		BE7FB3F71BD75E0200CC14A9 /* Resources */ = {
			isa = PBXResourcesBuildPhase;
			buildActionMask = 2147483647;
			files = (
				BE7FB4071BD75E0200CC14A9 /* LaunchScreen.storyboard in Resources */,
				BE7FB4041BD75E0200CC14A9 /* Assets.xcassets in Resources */,
				BE7FB4021BD75E0200CC14A9 /* Main.storyboard in Resources */,
			);
			runOnlyForDeploymentPostprocessing = 0;
		};
/* End PBXResourcesBuildPhase section */

/* Begin PBXSourcesBuildPhase section */
		BE7FB3F51BD75E0200CC14A9 /* Sources */ = {
			isa = PBXSourcesBuildPhase;
			buildActionMask = 2147483647;
			files = (
				BE7FB3FF1BD75E0200CC14A9 /* ViewController.swift in Sources */,
				BE7FB3FD1BD75E0200CC14A9 /* AppDelegate.swift in Sources */,
				BE7FB40F1BD75EBC00CC14A9 /* MyTableCell.swift in Sources */,
			);
			runOnlyForDeploymentPostprocessing = 0;
		};
/* End PBXSourcesBuildPhase section */

/* Begin PBXVariantGroup section */
		BE7FB4001BD75E0200CC14A9 /* Main.storyboard */ = {
			isa = PBXVariantGroup;
			children = (
				BE7FB4011BD75E0200CC14A9 /* Base */,
			);
			name = Main.storyboard;
			sourceTree = "<group>";
		};
		BE7FB4051BD75E0200CC14A9 /* LaunchScreen.storyboard */ = {
			isa = PBXVariantGroup;
			children = (
				BE7FB4061BD75E0200CC14A9 /* Base */,
			);
			name = LaunchScreen.storyboard;
			sourceTree = "<group>";
		};
/* End PBXVariantGroup section */

/* Begin XCBuildConfiguration section */
		BE7FB4091BD75E0200CC14A9 /* Debug */ = {
			isa = XCBuildConfiguration;
			buildSettings = {
				ALWAYS_SEARCH_USER_PATHS = NO;
				CLANG_CXX_LANGUAGE_STANDARD = "gnu++0x";
				CLANG_CXX_LIBRARY = "libc++";
				CLANG_ENABLE_MODULES = YES;
				CLANG_ENABLE_OBJC_ARC = YES;
				CLANG_WARN_BOOL_CONVERSION = YES;
				CLANG_WARN_CONSTANT_CONVERSION = YES;
				CLANG_WARN_DIRECT_OBJC_ISA_USAGE = YES_ERROR;
				CLANG_WARN_EMPTY_BODY = YES;
				CLANG_WARN_ENUM_CONVERSION = YES;
				CLANG_WARN_INT_CONVERSION = YES;
				CLANG_WARN_OBJC_ROOT_CLASS = YES_ERROR;
				CLANG_WARN_UNREACHABLE_CODE = YES;
				CLANG_WARN__DUPLICATE_METHOD_MATCH = YES;
				"CODE_SIGN_IDENTITY[sdk=iphoneos*]" = "iPhone Developer";
				COPY_PHASE_STRIP = NO;
				DEBUG_INFORMATION_FORMAT = dwarf;
				ENABLE_STRICT_OBJC_MSGSEND = YES;
				ENABLE_TESTABILITY = YES;
				GCC_C_LANGUAGE_STANDARD = gnu99;
				GCC_DYNAMIC_NO_PIC = NO;
				GCC_NO_COMMON_BLOCKS = YES;
				GCC_OPTIMIZATION_LEVEL = 0;
				GCC_PREPROCESSOR_DEFINITIONS = (
					"DEBUG=1",
					"$(inherited)",
				);
				GCC_WARN_64_TO_32_BIT_CONVERSION = YES;
				GCC_WARN_ABOUT_RETURN_TYPE = YES_ERROR;
				GCC_WARN_UNDECLARED_SELECTOR = YES;
				GCC_WARN_UNINITIALIZED_AUTOS = YES_AGGRESSIVE;
				GCC_WARN_UNUSED_FUNCTION = YES;
				GCC_WARN_UNUSED_VARIABLE = YES;
				IPHONEOS_DEPLOYMENT_TARGET = 9.0;
				MTL_ENABLE_DEBUG_INFO = YES;
				ONLY_ACTIVE_ARCH = YES;
				SDKROOT = iphoneos;
				SWIFT_OPTIMIZATION_LEVEL = "-Onone";
			};
			name = Debug;
		};
		BE7FB40A1BD75E0200CC14A9 /* Release */ = {
			isa = XCBuildConfiguration;
			buildSettings = {
				ALWAYS_SEARCH_USER_PATHS = NO;
				CLANG_CXX_LANGUAGE_STANDARD = "gnu++0x";
				CLANG_CXX_LIBRARY = "libc++";
				CLANG_ENABLE_MODULES = YES;
				CLANG_ENABLE_OBJC_ARC = YES;
				CLANG_WARN_BOOL_CONVERSION = YES;
				CLANG_WARN_CONSTANT_CONVERSION = YES;
				CLANG_WARN_DIRECT_OBJC_ISA_USAGE = YES_ERROR;
				CLANG_WARN_EMPTY_BODY = YES;
				CLANG_WARN_ENUM_CONVERSION = YES;
				CLANG_WARN_INT_CONVERSION = YES;
				CLANG_WARN_OBJC_ROOT_CLASS = YES_ERROR;
				CLANG_WARN_UNREACHABLE_CODE = YES;
				CLANG_WARN__DUPLICATE_METHOD_MATCH = YES;
				"CODE_SIGN_IDENTITY[sdk=iphoneos*]" = "iPhone Developer";
				COPY_PHASE_STRIP = NO;
				DEBUG_INFORMATION_FORMAT = "dwarf-with-dsym";
				ENABLE_NS_ASSERTIONS = NO;
				ENABLE_STRICT_OBJC_MSGSEND = YES;
				GCC_C_LANGUAGE_STANDARD = gnu99;
				GCC_NO_COMMON_BLOCKS = YES;
				GCC_WARN_64_TO_32_BIT_CONVERSION = YES;
				GCC_WARN_ABOUT_RETURN_TYPE = YES_ERROR;
				GCC_WARN_UNDECLARED_SELECTOR = YES;
				GCC_WARN_UNINITIALIZED_AUTOS = YES_AGGRESSIVE;
				GCC_WARN_UNUSED_FUNCTION = YES;
				GCC_WARN_UNUSED_VARIABLE = YES;
				IPHONEOS_DEPLOYMENT_TARGET = 9.0;
				MTL_ENABLE_DEBUG_INFO = NO;
				SDKROOT = iphoneos;
				VALIDATE_PRODUCT = YES;
			};
			name = Release;
		};
		BE7FB40C1BD75E0200CC14A9 /* Debug */ = {
			isa = XCBuildConfiguration;
			buildSettings = {
				ASSETCATALOG_COMPILER_APPICON_NAME = AppIcon;
				INFOPLIST_FILE = TableViewTest/Info.plist;
				LD_RUNPATH_SEARCH_PATHS = "$(inherited) @executable_path/Frameworks";
				PRODUCT_BUNDLE_IDENTIFIER = com.TJV.TableViewTest;
				PRODUCT_NAME = "$(TARGET_NAME)";
			};
			name = Debug;
		};
		BE7FB40D1BD75E0200CC14A9 /* Release */ = {
			isa = XCBuildConfiguration;
			buildSettings = {
				ASSETCATALOG_COMPILER_APPICON_NAME = AppIcon;
				INFOPLIST_FILE = TableViewTest/Info.plist;
				LD_RUNPATH_SEARCH_PATHS = "$(inherited) @executable_path/Frameworks";
				PRODUCT_BUNDLE_IDENTIFIER = com.TJV.TableViewTest;
				PRODUCT_NAME = "$(TARGET_NAME)";
			};
			name = Release;
		};
/* End XCBuildConfiguration section */

/* Begin XCConfigurationList section */
		BE7FB3F41BD75E0200CC14A9 /* Build configuration list for PBXProject "TableViewTest" */ = {
			isa = XCConfigurationList;
			buildConfigurations = (
				BE7FB4091BD75E0200CC14A9 /* Debug */,
				BE7FB40A1BD75E0200CC14A9 /* Release */,
			);
			defaultConfigurationIsVisible = 0;
			defaultConfigurationName = Release;
		};
		BE7FB40B1BD75E0200CC14A9 /* Build configuration list for PBXNativeTarget "TableViewTest" */ = {
			isa = XCConfigurationList;
			buildConfigurations = (
				BE7FB40C1BD75E0200CC14A9 /* Debug */,
				BE7FB40D1BD75E0200CC14A9 /* Release */,
			);
			defaultConfigurationIsVisible = 0;
		};
/* End XCConfigurationList section */
	};
	rootObject = BE7FB3F11BD75E0200CC14A9 /* Project object */;
}
